<Solution>
  <Folder Name="/src/">
    <Project Path="src/ModelContextProtocol.WatsonWebserver/ModelContextProtocol.WatsonWebserver.csproj" />
  </Folder>
  <Folder Name="/samples/">
    <Project Path="samples/McpWatsonSample/McpWatsonSample.csproj" />
  </Folder>
  <Folder Name="/tests/">
    <Project Path="tests/ModelContextProtocol.WatsonWebserver.Tests/ModelContextProtocol.WatsonWebserver.Tests.csproj" />
  </Folder>
</Solution>
